<?xml version="1.0" encoding="utf-8"?>
<Project ToolsVersion="4.0" xmlns="http://schemas.microsoft.com/developer/msbuild/2003">
  <ItemGroup>
    <Filter Include="Classes">
      <UniqueIdentifier>{bb6c862e-70e9-49d9-81b7-3829a6f50471}</UniqueIdentifier>
    </Filter>
    <Filter Include="Win32">
      <UniqueIdentifier>{84a8ebd7-7cf0-47f6-b75e-d441df67da40}</UniqueIdentifier>
    </Filter>
    <Filter Include="Classes\Entities">
      <UniqueIdentifier>{1c17a68b-7e6d-4ef6-a7d5-d308d9ea7bb9}</UniqueIdentifier>
    </Filter>
    <Filter Include="Classes\InputControl">
      <UniqueIdentifier>{b311ba1b-c7be-463c-be55-f031132ac9f7}</UniqueIdentifier>
    </Filter>
    <Filter Include="Classes\Items">
      <UniqueIdentifier>{ea2bde49-af8d-44ec-8692-609711582245}</UniqueIdentifier>
    </Filter>
    <Filter Include="Classes\Quest">
      <UniqueIdentifier>{52e52d6f-0ae6-40a4-8ed1-bb9a887fe3eb}</UniqueIdentifier>
    </Filter>
    <Filter Include="Classes\SceneManagement">
      <UniqueIdentifier>{527737d1-d80c-4484-ba22-571f23902df3}</UniqueIdentifier>
    </Filter>
    <Filter Include="Classes\UI">
      <UniqueIdentifier>{144980ae-2d91-4629-9ab2-de03ec5012e1}</UniqueIdentifier>
    </Filter>
    <Filter Include="Classes\AppDelegate">
      <UniqueIdentifier>{3a2412f4-e656-42b7-8352-b451bc6a82d9}</UniqueIdentifier>
    </Filter>
    <Filter Include="Classes\ResourceManagement">
      <UniqueIdentifier>{e3ede960-5248-42ef-8e2b-06ce99c9cc18}</UniqueIdentifier>
    </Filter>
    <Filter Include="Classes\GameTime">
      <UniqueIdentifier>{9b8ee67b-23d0-4fa5-bb41-5a93adeadeae}</UniqueIdentifier>
    </Filter>
    <Filter Include="Classes\Map">
      <UniqueIdentifier>{ff0699ff-f8f0-4f61-8494-3799039a6fec}</UniqueIdentifier>
    </Filter>
    <Filter Include="Classes\Player">
      <UniqueIdentifier>{ca2f1c21-db79-4a37-a15d-3c82f5605a54}</UniqueIdentifier>
    </Filter>
  </ItemGroup>
  <ItemGroup>
    <ClCompile Include="Main.cpp">
      <Filter>Win32</Filter>
    </ClCompile>
    <ClCompile Include="..\Classes\Entities\Animal.cpp">
      <Filter>Classes\Entities</Filter>
    </ClCompile>
    <ClCompile Include="..\Classes\Entities\Dog.cpp">
      <Filter>Classes\Entities</Filter>
    </ClCompile>
    <ClCompile Include="..\Classes\Entities\NPC.cpp">
      <Filter>Classes\Entities</Filter>
    </ClCompile>
    <ClCompile Include="..\Classes\Entities\QuestNPC.cpp">
      <Filter>Classes\Entities</Filter>
    </ClCompile>
    <ClCompile Include="..\Classes\InputControl\InputManager.cpp">
      <Filter>Classes\InputControl</Filter>
    </ClCompile>
    <ClCompile Include="..\Classes\Items\Inventory.cpp">
      <Filter>Classes\Items</Filter>
    </ClCompile>
    <ClCompile Include="..\Classes\Items\Item.cpp">
      <Filter>Classes\Items</Filter>
    </ClCompile>
    <ClCompile Include="..\Classes\Player\Player.cpp">
      <Filter>Classes\Player</Filter>
    </ClCompile>
    <ClCompile Include="..\Classes\Player\PlayerController.cpp">
      <Filter>Classes\Player</Filter>
    </ClCompile>
    <ClCompile Include="..\Classes\Quest\Quest.cpp">
      <Filter>Classes\Quest</Filter>
    </ClCompile>
    <ClCompile Include="..\Classes\Quest\QuestManager.cpp">
      <Filter>Classes\Quest</Filter>
    </ClCompile>
    <ClCompile Include="..\Classes\SceneManagement\GameScene.cpp">
      <Filter>Classes\SceneManagement</Filter>
    </ClCompile>
    <ClCompile Include="..\Classes\SceneManagement\MainMenuScene.cpp">
      <Filter>Classes\SceneManagement</Filter>
    </ClCompile>
    <ClCompile Include="..\Classes\SceneManagement\SceneManager.cpp">
      <Filter>Classes\SceneManagement</Filter>
    </ClCompile>
    <ClCompile Include="..\Classes\SceneManagement\TransitionScene.cpp">
      <Filter>Classes\SceneManagement</Filter>
    </ClCompile>
    <ClCompile Include="..\Classes\UI\HUD.cpp">
      <Filter>Classes\UI</Filter>
    </ClCompile>
    <ClCompile Include="..\Classes\UI\UIManager.cpp">
      <Filter>Classes\UI</Filter>
    </ClCompile>
    <ClCompile Include="..\Classes\AppDelegate\AppDelegate.cpp">
      <Filter>Classes\AppDelegate</Filter>
    </ClCompile>
    <ClCompile Include="..\Classes\UI\HoverButton.cpp">
      <Filter>Classes\UI</Filter>
    </ClCompile>
    <ClCompile Include="..\Classes\ResourceManagement\ResourceManager.cpp">
      <Filter>Classes\ResourceManagement</Filter>
    </ClCompile>
    <ClCompile Include="..\Classes\ResourceManagement\Texture.cpp">
      <Filter>Classes\ResourceManagement</Filter>
    </ClCompile>
    <ClCompile Include="..\Classes\SceneManagement\BeachScene.cpp">
      <Filter>Classes\SceneManagement</Filter>
    </ClCompile>
    <ClCompile Include="..\Classes\UI\InventoryUI.cpp">
      <Filter>Classes\UI</Filter>
    </ClCompile>
    <ClCompile Include="..\Classes\GameTime\GameTime.cpp">
      <Filter>Classes\GameTime</Filter>
    </ClCompile>
    <ClCompile Include="..\Classes\SceneManagement\FarmYardScene.cpp">
      <Filter>Classes\SceneManagement</Filter>
    </ClCompile>
    <ClCompile Include="..\Classes\Map\MapBase.cpp">
      <Filter>Classes\Map</Filter>
    </ClCompile>
    <ClCompile Include="..\Classes\Map\MapManager.cpp">
      <Filter>Classes\Map</Filter>
    </ClCompile>
    <ClCompile Include="..\Classes\Map\BeachMap.cpp">
      <Filter>Classes\Map</Filter>
    </ClCompile>
    <ClCompile Include="..\Classes\Map\FarmYardMap.cpp">
      <Filter>Classes\Map</Filter>
    </ClCompile>
    <ClCompile Include="..\Classes\ResourceManagement\Audio.cpp">
      <Filter>Classes\ResourceManagement</Filter>
    </ClCompile>
    <ClCompile Include="..\Classes\ResourceManagement\AudioManager.cpp">
      <Filter>Classes\ResourceManagement</Filter>
    </ClCompile>
    <ClCompile Include="..\Classes\Items\ItemManager.cpp">
      <Filter>Classes\Items</Filter>
    </ClCompile>
    <ClCompile Include="..\Classes\Items\Behaviour.cpp">
      <Filter>Classes\Items</Filter>
    </ClCompile>
  </ItemGroup>
  <ItemGroup>
    <ClInclude Include="..\Classes\Entities\Animal.h">
      <Filter>Classes\Entities</Filter>
    </ClInclude>
    <ClInclude Include="..\Classes\Entities\Dog.h">
      <Filter>Classes\Entities</Filter>
    </ClInclude>
    <ClInclude Include="..\Classes\Entities\NPC.h">
      <Filter>Classes\Entities</Filter>
    </ClInclude>
    <ClInclude Include="..\Classes\Entities\QuestNPC.h">
      <Filter>Classes\Entities</Filter>
    </ClInclude>
    <ClInclude Include="..\Classes\InputControl\InputManager.h">
      <Filter>Classes\InputControl</Filter>
    </ClInclude>
    <ClInclude Include="..\Classes\Items\Inventory.h">
      <Filter>Classes\Items</Filter>
    </ClInclude>
    <ClInclude Include="..\Classes\Items\Item.h">
      <Filter>Classes\Items</Filter>
    </ClInclude>
    <ClInclude Include="..\Classes\Player\Player.h">
      <Filter>Classes\Player</Filter>
    </ClInclude>
    <ClInclude Include="..\Classes\Player\PlayerController.h">
      <Filter>Classes\Player</Filter>
    </ClInclude>
    <ClInclude Include="..\Classes\Quest\Quest.h">
      <Filter>Classes\Quest</Filter>
    </ClInclude>
    <ClInclude Include="..\Classes\Quest\QuestManager.h">
      <Filter>Classes\Quest</Filter>
    </ClInclude>
    <ClInclude Include="..\Classes\SceneManagement\GameScene.h">
      <Filter>Classes\SceneManagement</Filter>
    </ClInclude>
    <ClInclude Include="..\Classes\SceneManagement\MainMenuScene.h">
      <Filter>Classes\SceneManagement</Filter>
    </ClInclude>
    <ClInclude Include="..\Classes\SceneManagement\SceneManager.h">
      <Filter>Classes\SceneManagement</Filter>
    </ClInclude>
    <ClInclude Include="..\Classes\SceneManagement\TransitionScene.h">
      <Filter>Classes\SceneManagement</Filter>
    </ClInclude>
    <ClInclude Include="..\Classes\UI\HUD.h">
      <Filter>Classes\UI</Filter>
    </ClInclude>
    <ClInclude Include="..\Classes\UI\UIManager.h">
      <Filter>Classes\UI</Filter>
    </ClInclude>
    <ClInclude Include="..\Classes\AppDelegate\AppDelegate.h">
      <Filter>Classes\AppDelegate</Filter>
    </ClInclude>
    <ClInclude Include="..\Classes\UI\HoverButton.h">
      <Filter>Classes\UI</Filter>
    </ClInclude>
    <ClInclude Include="..\Classes\ResourceManagement\ResourceManager.h">
      <Filter>Classes\ResourceManagement</Filter>
    </ClInclude>
    <ClInclude Include="..\Classes\ResourceManagement\Constant.h">
      <Filter>Classes\ResourceManagement</Filter>
    </ClInclude>
    <ClInclude Include="..\Classes\UI\InventoryUI.h">
      <Filter>Classes\UI</Filter>
    </ClInclude>
    <ClInclude Include="..\Classes\GameTime\GameTime.h">
      <Filter>Classes\GameTime</Filter>
    </ClInclude>
    <ClInclude Include="..\Classes\ResourceManagement\Texture.h">
      <Filter>Classes\ResourceManagement</Filter>
    </ClInclude>
    <ClInclude Include="..\Classes\SceneManagement\FarmYardScene.h">
      <Filter>Classes\SceneManagement</Filter>
    </ClInclude>
    <ClInclude Include="..\Classes\Map\MapBase.h">
      <Filter>Classes\Map</Filter>
    </ClInclude>
    <ClInclude Include="..\Classes\Map\MapManager.h">
      <Filter>Classes\Map</Filter>
    </ClInclude>
    <ClInclude Include="..\Classes\Map\BeachMap.h">
      <Filter>Classes\Map</Filter>
    </ClInclude>
    <ClInclude Include="..\Classes\Map\FarmYardMap.h">
      <Filter>Classes\Map</Filter>
    </ClInclude>
    <ClInclude Include="..\Classes\SceneManagement\BeachScene.h">
      <Filter>Classes\SceneManagement</Filter>
    </ClInclude>
    <ClInclude Include="..\Classes\ResourceManagement\Audio.h">
      <Filter>Classes\ResourceManagement</Filter>
    </ClInclude>
    <ClInclude Include="..\Classes\ResourceManagement\AudioManager.h">
      <Filter>Classes\ResourceManagement</Filter>
    </ClInclude>
    <ClInclude Include="..\Classes\Items\ItemManager.h">
      <Filter>Classes\Items</Filter>
    </ClInclude>
    <ClInclude Include="..\Classes\Items\Behaviour.h">
      <Filter>Classes\Items</Filter>
    </ClInclude>
  </ItemGroup>
</Project>